
Microsoft Visual Studio Solution File, Format Version 12.00
# Visual Studio Version 16
VisualStudioVersion = 16.0.28803.202
MinimumVisualStudioVersion = 10.0.40219.1
Project("{FAE04EC0-301F-11D3-BF4B-00C04F79EFBC}") = "ClientSideEncryption", "ClientSideEncryption\ClientSideEncryption.csproj", "{1D49CDD5-E36D-48DA-B3F7-F1544300D6BF}"
EndProject
Project("{FAE04EC0-301F-11D3-BF4B-00C04F79EFBC}") = "Web", "Web\Web.csproj", "{01EB7951-3F15-44EA-B6BF-059F45ED3EFB}"
EndProject
Global
	GlobalSection(SolutionConfigurationPlatforms) = preSolution
		Debug|Any CPU = Debug|Any CPU
		Release|Any CPU = Release|Any CPU
	EndGlobalSection
	GlobalSection(ProjectConfigurationPlatforms) = postSolution
		{1D49CDD5-E36D-48DA-B3F7-F1544300D6BF}.Debug|Any CPU.ActiveCfg = Debug|Any CPU
		{1D49CDD5-E36D-48DA-B3F7-F1544300D6BF}.Debug|Any CPU.Build.0 = Debug|Any CPU
		{1D49CDD5-E36D-48DA-B3F7-F1544300D6BF}.Release|Any CPU.ActiveCfg = Release|Any CPU
		{1D49CDD5-E36D-48DA-B3F7-F1544300D6BF}.Release|Any CPU.Build.0 = Release|Any CPU
		{01EB7951-3F15-44EA-B6BF-059F45ED3EFB}.Debug|Any CPU.ActiveCfg = Debug|Any CPU
		{01EB7951-3F15-44EA-B6BF-059F45ED3EFB}.Debug|Any CPU.Build.0 = Debug|Any CPU
		{01EB7951-3F15-44EA-B6BF-059F45ED3EFB}.Release|Any CPU.ActiveCfg = Release|Any CPU
		{01EB7951-3F15-44EA-B6BF-059F45ED3EFB}.Release|Any CPU.Build.0 = Release|Any CPU
	EndGlobalSection
	GlobalSection(SolutionProperties) = preSolution
		HideSolutionNode = FALSE
	EndGlobalSection
	GlobalSection(ExtensibilityGlobals) = postSolution
		SolutionGuid = {7411799B-1CA1-4F30-9837-BB755A5DAE2D}
	EndGlobalSection
EndGlobal
